
Microsoft Visual Studio Solution File, Format Version 12.00
# Visual Studio Version 16
VisualStudioVersion = 16.0.30114.105
MinimumVisualStudioVersion = 10.0.40219.1
Project("{2150E333-8FDC-42A3-9474-1A3956D46DE8}") = "src", "src", "{57CAE4FE-BA22-4074-8085-A0C29054400F}"
EndProject
Project("{FAE04EC0-301F-11D3-BF4B-00C04F79EFBC}") = "console-programming", "src\console-programming\console-programming.csproj", "{5B5CBDF2-0A8B-4672-A1BD-BAC174B4B4DD}"
EndProject
Project("{2150E333-8FDC-42A3-9474-1A3956D46DE8}") = "hackerrank", "hackerrank", "{160319D0-D35C-4AD6-BA99-E5B864530800}"
EndProject
Project("{FAE04EC0-301F-11D3-BF4B-00C04F79EFBC}") = "hello-world", "src\hackerrank\hello-world\hello-world.csproj", "{EBF0F16E-6E09-4F88-93AE-E1717068D285}"
EndProject
Project("{FAE04EC0-301F-11D3-BF4B-00C04F79EFBC}") = "variables-and-data-types", "src\variables-and-data-types\variables-and-data-types.csproj", "{056BEE40-752B-4528-8248-9B9D7977BB85}"
EndProject
Global
	GlobalSection(SolutionConfigurationPlatforms) = preSolution
		Debug|Any CPU = Debug|Any CPU
		Debug|x64 = Debug|x64
		Debug|x86 = Debug|x86
		Release|Any CPU = Release|Any CPU
		Release|x64 = Release|x64
		Release|x86 = Release|x86
	EndGlobalSection
	GlobalSection(ProjectConfigurationPlatforms) = postSolution
		{5B5CBDF2-0A8B-4672-A1BD-BAC174B4B4DD}.Debug|Any CPU.ActiveCfg = Debug|Any CPU
		{5B5CBDF2-0A8B-4672-A1BD-BAC174B4B4DD}.Debug|Any CPU.Build.0 = Debug|Any CPU
		{5B5CBDF2-0A8B-4672-A1BD-BAC174B4B4DD}.Debug|x64.ActiveCfg = Debug|Any CPU
		{5B5CBDF2-0A8B-4672-A1BD-BAC174B4B4DD}.Debug|x64.Build.0 = Debug|Any CPU
		{5B5CBDF2-0A8B-4672-A1BD-BAC174B4B4DD}.Debug|x86.ActiveCfg = Debug|Any CPU
		{5B5CBDF2-0A8B-4672-A1BD-BAC174B4B4DD}.Debug|x86.Build.0 = Debug|Any CPU
		{5B5CBDF2-0A8B-4672-A1BD-BAC174B4B4DD}.Release|Any CPU.ActiveCfg = Release|Any CPU
		{5B5CBDF2-0A8B-4672-A1BD-BAC174B4B4DD}.Release|Any CPU.Build.0 = Release|Any CPU
		{5B5CBDF2-0A8B-4672-A1BD-BAC174B4B4DD}.Release|x64.ActiveCfg = Release|Any CPU
		{5B5CBDF2-0A8B-4672-A1BD-BAC174B4B4DD}.Release|x64.Build.0 = Release|Any CPU
		{5B5CBDF2-0A8B-4672-A1BD-BAC174B4B4DD}.Release|x86.ActiveCfg = Release|Any CPU
		{5B5CBDF2-0A8B-4672-A1BD-BAC174B4B4DD}.Release|x86.Build.0 = Release|Any CPU
		{EBF0F16E-6E09-4F88-93AE-E1717068D285}.Debug|Any CPU.ActiveCfg = Debug|Any CPU
		{EBF0F16E-6E09-4F88-93AE-E1717068D285}.Debug|Any CPU.Build.0 = Debug|Any CPU
		{EBF0F16E-6E09-4F88-93AE-E1717068D285}.Debug|x64.ActiveCfg = Debug|Any CPU
		{EBF0F16E-6E09-4F88-93AE-E1717068D285}.Debug|x64.Build.0 = Debug|Any CPU
		{EBF0F16E-6E09-4F88-93AE-E1717068D285}.Debug|x86.ActiveCfg = Debug|Any CPU
		{EBF0F16E-6E09-4F88-93AE-E1717068D285}.Debug|x86.Build.0 = Debug|Any CPU
		{EBF0F16E-6E09-4F88-93AE-E1717068D285}.Release|Any CPU.ActiveCfg = Release|Any CPU
		{EBF0F16E-6E09-4F88-93AE-E1717068D285}.Release|Any CPU.Build.0 = Release|Any CPU
		{EBF0F16E-6E09-4F88-93AE-E1717068D285}.Release|x64.ActiveCfg = Release|Any CPU
		{EBF0F16E-6E09-4F88-93AE-E1717068D285}.Release|x64.Build.0 = Release|Any CPU
		{EBF0F16E-6E09-4F88-93AE-E1717068D285}.Release|x86.ActiveCfg = Release|Any CPU
		{EBF0F16E-6E09-4F88-93AE-E1717068D285}.Release|x86.Build.0 = Release|Any CPU
		{056BEE40-752B-4528-8248-9B9D7977BB85}.Debug|Any CPU.ActiveCfg = Debug|Any CPU
		{056BEE40-752B-4528-8248-9B9D7977BB85}.Debug|Any CPU.Build.0 = Debug|Any CPU
		{056BEE40-752B-4528-8248-9B9D7977BB85}.Debug|x64.ActiveCfg = Debug|Any CPU
		{056BEE40-752B-4528-8248-9B9D7977BB85}.Debug|x64.Build.0 = Debug|Any CPU
		{056BEE40-752B-4528-8248-9B9D7977BB85}.Debug|x86.ActiveCfg = Debug|Any CPU
		{056BEE40-752B-4528-8248-9B9D7977BB85}.Debug|x86.Build.0 = Debug|Any CPU
		{056BEE40-752B-4528-8248-9B9D7977BB85}.Release|Any CPU.ActiveCfg = Release|Any CPU
		{056BEE40-752B-4528-8248-9B9D7977BB85}.Release|Any CPU.Build.0 = Release|Any CPU
		{056BEE40-752B-4528-8248-9B9D7977BB85}.Release|x64.ActiveCfg = Release|Any CPU
		{056BEE40-752B-4528-8248-9B9D7977BB85}.Release|x64.Build.0 = Release|Any CPU
		{056BEE40-752B-4528-8248-9B9D7977BB85}.Release|x86.ActiveCfg = Release|Any CPU
		{056BEE40-752B-4528-8248-9B9D7977BB85}.Release|x86.Build.0 = Release|Any CPU
	EndGlobalSection
	GlobalSection(SolutionProperties) = preSolution
		HideSolutionNode = FALSE
	EndGlobalSection
	GlobalSection(NestedProjects) = preSolution
		{5B5CBDF2-0A8B-4672-A1BD-BAC174B4B4DD} = {57CAE4FE-BA22-4074-8085-A0C29054400F}
		{160319D0-D35C-4AD6-BA99-E5B864530800} = {57CAE4FE-BA22-4074-8085-A0C29054400F}
		{EBF0F16E-6E09-4F88-93AE-E1717068D285} = {160319D0-D35C-4AD6-BA99-E5B864530800}
		{056BEE40-752B-4528-8248-9B9D7977BB85} = {57CAE4FE-BA22-4074-8085-A0C29054400F}
	EndGlobalSection
	GlobalSection(ExtensibilityGlobals) = postSolution
		SolutionGuid = {B94AFF49-C18E-4515-90B9-DFF6915B42E9}
	EndGlobalSection
EndGlobal
